
Microsoft Visual Studio Solution File, Format Version 12.00
# Visual Studio Version 17
VisualStudioVersion = 17.5.002.0
MinimumVisualStudioVersion = 10.0.40219.1
Project("{9A19103F-16F7-4668-BE54-9A1E7A4F7556}") = "Integra7AuralAlchemist", "Src/Integra7AuralAlchemist.csproj", "{2ABE5259-8F3A-4B2F-AE01-31E8730A530C}"
EndProject
Project("{FAE04EC0-301F-11D3-BF4B-00C04F79EFBC}") = "Tests", "Tests\Tests.csproj", "{C4953876-7DFA-4D82-98B8-1A83AF464FCE}"
EndProject
Project("{9A19103F-16F7-4668-BE54-9A1E7A4F7556}") = "ParameterBlobGenerator", "Tools/ParameterBlobGenerator/ParameterBlobGenerator.csproj", "{697CC0B4-3F40-486F-97F4-EDF3937CCB64}"
EndProject
Global
	GlobalSection(SolutionConfigurationPlatforms) = preSolution
		Debug|Any CPU = Debug|Any CPU
		Release|Any CPU = Release|Any CPU
	EndGlobalSection
	GlobalSection(ProjectConfigurationPlatforms) = postSolution
		{2ABE5259-8F3A-4B2F-AE01-31E8730A530C}.Debug|Any CPU.ActiveCfg = Debug|Any CPU
		{2ABE5259-8F3A-4B2F-AE01-31E8730A530C}.Debug|Any CPU.Build.0 = Debug|Any CPU
		{2ABE5259-8F3A-4B2F-AE01-31E8730A530C}.Release|Any CPU.ActiveCfg = Release|Any CPU
		{2ABE5259-8F3A-4B2F-AE01-31E8730A530C}.Release|Any CPU.Build.0 = Release|Any CPU
		{C4953876-7DFA-4D82-98B8-1A83AF464FCE}.Debug|Any CPU.ActiveCfg = Debug|Any CPU
		{C4953876-7DFA-4D82-98B8-1A83AF464FCE}.Debug|Any CPU.Build.0 = Debug|Any CPU
		{C4953876-7DFA-4D82-98B8-1A83AF464FCE}.Release|Any CPU.ActiveCfg = Release|Any CPU
		{C4953876-7DFA-4D82-98B8-1A83AF464FCE}.Release|Any CPU.Build.0 = Release|Any CPU
		{697CC0B4-3F40-486F-97F4-EDF3937CCB64}.Debug|Any CPU.ActiveCfg = Debug|Any CPU
		{697CC0B4-3F40-486F-97F4-EDF3937CCB64}.Debug|Any CPU.Build.0 = Debug|Any CPU
		{697CC0B4-3F40-486F-97F4-EDF3937CCB64}.Release|Any CPU.ActiveCfg = Release|Any CPU
		{697CC0B4-3F40-486F-97F4-EDF3937CCB64}.Release|Any CPU.Build.0 = Release|Any CPU
	EndGlobalSection
	GlobalSection(SolutionProperties) = preSolution
		HideSolutionNode = FALSE
	EndGlobalSection
	GlobalSection(ExtensibilityGlobals) = postSolution
		SolutionGuid = {924087D1-C05C-4E2D-961A-550C2160D699}
	EndGlobalSection
EndGlobal
